# This file is automatically @generated by Cargo.
# It is not intended for manual editing.
version = 4

[[package]]
name = "crustcore"
version = "0.1.0"
dependencies = [
 "crustcore-backend",
 "crustcore-cli",
 "crustcore-daemon",
 "crustcore-eventlog",
 "crustcore-index",
 "crustcore-kernel",
 "crustcore-mcp",
 "crustcore-net",
 "crustcore-path",
 "crustcore-policy",
 "crustcore-receipts",
 "crustcore-runner",
 "crustcore-sandbox",
 "crustcore-secrets",
 "crustcore-types",
 "crustcore-worktree",
]

[[package]]
name = "crustcore-backend"
version = "0.1.0"
dependencies = [
 "crustcore-path",
 "crustcore-policy",
 "crustcore-receipts",
 "crustcore-runner",
 "crustcore-sandbox",
 "crustcore-types",
 "crustcore-worktree",
]

[[package]]
name = "crustcore-cli"
version = "0.1.0"
dependencies = [
 "crustcore-types",
]

[[package]]
name = "crustcore-daemon"
version = "0.1.0"
dependencies = [
 "crustcore-kernel",
 "crustcore-net",
 "crustcore-types",
]

[[package]]
name = "crustcore-eval"
version = "0.1.0"
dependencies = [
 "crustcore-backend",
 "crustcore-eventlog",
 "crustcore-kernel",
 "crustcore-path",
 "crustcore-policy",
 "crustcore-receipts",
 "crustcore-sandbox",
 "crustcore-secrets",
 "crustcore-types",
 "crustcore-worktree",
]

[[package]]
name = "crustcore-eventlog"
version = "0.1.0"
dependencies = [
 "crustcore-kernel",
 "crustcore-types",
]

[[package]]
name = "crustcore-full"
version = "0.1.0"
dependencies = [
 "crustcore-backend",
 "crustcore-daemon",
 "crustcore-eventlog",
 "crustcore-index",
 "crustcore-kernel",
 "crustcore-mcp",
 "crustcore-net",
 "crustcore-path",
 "crustcore-policy",
 "crustcore-receipts",
 "crustcore-runner",
 "crustcore-sandbox",
 "crustcore-secrets",
 "crustcore-types",
 "crustcore-worktree",
]

[[package]]
name = "crustcore-index"
version = "0.1.0"
dependencies = [
 "crustcore-types",
]

[[package]]
name = "crustcore-kernel"
version = "0.1.0"
dependencies = [
 "crustcore-policy",
 "crustcore-types",
]

[[package]]
name = "crustcore-mcp"
version = "0.1.0"
dependencies = [
 "crustcore-types",
]

[[package]]
name = "crustcore-net"
version = "0.1.0"
dependencies = [
 "crustcore-types",
]

[[package]]
name = "crustcore-path"
version = "0.1.0"
dependencies = [
 "crustcore-types",
]

[[package]]
name = "crustcore-policy"
version = "0.1.0"
dependencies = [
 "crustcore-path",
 "crustcore-types",
]

[[package]]
name = "crustcore-receipts"
version = "0.1.0"
dependencies = [
 "crustcore-types",
]

[[package]]
name = "crustcore-runner"
version = "0.1.0"
dependencies = [
 "crustcore-types",
]

[[package]]
name = "crustcore-sandbox"
version = "0.1.0"
dependencies = [
 "crustcore-path",
 "crustcore-policy",
 "crustcore-runner",
 "crustcore-types",
]

[[package]]
name = "crustcore-secrets"
version = "0.1.0"
dependencies = [
 "crustcore-types",
]

[[package]]
name = "crustcore-types"
version = "0.1.0"

[[package]]
name = "crustcore-worktree"
version = "0.1.0"
dependencies = [
 "crustcore-path",
 "crustcore-policy",
 "crustcore-types",
]

[[package]]
name = "xtask"
version = "0.1.0"
